# THIS IS AN AUTOGENERATED FILE. DO NOT EDIT THIS FILE DIRECTLY.
# yarn lockfile v1


amqplib@~0.5.1:
  version "0.5.1"
  resolved "https://registry.yarnpkg.com/amqplib/-/amqplib-0.5.1.tgz#7cccfebabe56c2e984ea7a2243f7cefe6fbfc6cf"
  dependencies:
    bitsyntax "~0.0.4"
    bluebird "^3.4.6"
    buffer-more-ints "0.0.2"
    readable-stream "1.x >=1.1.9"

bitsyntax@~0.0.4:
  version "0.0.4"
  resolved "https://registry.yarnpkg.com/bitsyntax/-/bitsyntax-0.0.4.tgz#eb10cc6f82b8c490e3e85698f07e83d46e0cba82"
  dependencies:
    buffer-more-ints "0.0.2"

bluebird@^3.4.6:
  version "3.5.0"
  resolved "https://registry.yarnpkg.com/bluebird/-/bluebird-3.5.0.tgz#791420d7f551eea2897453a8a77653f96606d67c"

buffer-more-ints@0.0.2:
  version "0.0.2"
  resolved "https://registry.yarnpkg.com/buffer-more-ints/-/buffer-more-ints-0.0.2.tgz#26b3885d10fa13db7fc01aae3aab870199e0124c"

colors@1.0.3:
  version "1.0.3"
  resolved "https://registry.yarnpkg.com/colors/-/colors-1.0.3.tgz#0433f44d809680fdeb60ed260f1b0c262e82a40b"

core-util-is@~1.0.0:
  version "1.0.2"
  resolved "https://registry.yarnpkg.com/core-util-is/-/core-util-is-1.0.2.tgz#b5fd54220aa2bc5ab57aab7140c940754503c1a7"

debug@2.2.0:
  version "2.2.0"
  resolved "https://registry.yarnpkg.com/debug/-/debug-2.2.0.tgz#f87057e995b1a1f6ae6a4960664137bc56f039da"
  dependencies:
    ms "0.7.1"

debug@^2.2.0:
  version "2.6.3"
  resolved "https://registry.yarnpkg.com/debug/-/debug-2.6.3.tgz#0f7eb8c30965ec08c72accfa0130c8b79984141d"
  dependencies:
    ms "0.7.2"

inherits@~2.0.1:
  version "2.0.3"
  resolved "https://registry.yarnpkg.com/inherits/-/inherits-2.0.3.tgz#633c2c83e3da42a502f52466022480f4208261de"

isarray@0.0.1:
  version "0.0.1"
  resolved "https://registry.yarnpkg.com/isarray/-/isarray-0.0.1.tgz#8a18acfca9a8f4177e09abfc6038939b05d1eedf"

lodash@3.x:
  version "3.10.1"
  resolved "https://registry.yarnpkg.com/lodash/-/lodash-3.10.1.tgz#5bf45e8e49ba4189e17d482789dfd15bd140b7b6"

lodash@4.x, lodash@^4.12.0, lodash@^4.15.0:
  version "4.17.4"
  resolved "https://registry.yarnpkg.com/lodash/-/lodash-4.17.4.tgz#78203a4d1c328ae1d86dca6460e369b57f4055ae"

lodash@^2.4.1:
  version "2.4.2"
  resolved "https://registry.yarnpkg.com/lodash/-/lodash-2.4.2.tgz#fadd834b9683073da179b3eae6d9c0d15053f73e"

machina@1.x:
  version "1.1.2"
  resolved "https://registry.yarnpkg.com/machina/-/machina-1.1.2.tgz#18cabea5fa9eb7c032408eb309feb2af7a837247"
  dependencies:
    lodash "3.x"

machina@^2.0.0:
  version "2.0.0"
  resolved "https://registry.yarnpkg.com/machina/-/machina-2.0.0.tgz#6bb1504f8d376743217c0c43831759f0c93a0620"
  dependencies:
    lodash "3.x"

moment@2.10.2:
  version "2.10.2"
  resolved "https://registry.yarnpkg.com/moment/-/moment-2.10.2.tgz#faf8c09ca82f03f94962e3b5a7239263ea50d087"

monologue.js@^0.3.5:
  version "0.3.5"
  resolved "https://registry.yarnpkg.com/monologue.js/-/monologue.js-0.3.5.tgz#20ce5143d65e82a3a1f75ada9147c52487914969"
  dependencies:
    lodash "3.x"
    riveter "0.2.0"

ms@0.7.1:
  version "0.7.1"
  resolved "https://registry.yarnpkg.com/ms/-/ms-0.7.1.tgz#9cd13c03adbff25b65effde7ce864ee952017098"

ms@0.7.2:
  version "0.7.2"
  resolved "https://registry.yarnpkg.com/ms/-/ms-0.7.2.tgz#ae25cf2512b3885a1d95d7f037868d8431124765"

postal@1.x:
  version "1.0.11"
  resolved "https://registry.yarnpkg.com/postal/-/postal-1.0.11.tgz#7a37ff60268626d845cc0336e57d90a24536979d"
  dependencies:
    lodash "4.x"

postal@^2.0.5:
  version "2.0.5"
  resolved "https://registry.yarnpkg.com/postal/-/postal-2.0.5.tgz#7f9f035943a24daa9963ac5a53b5d0cf07df24b9"
  dependencies:
    lodash "^4.12.0"

rabbot@^1.1.0:
  version "1.1.0"
  resolved "https://registry.yarnpkg.com/rabbot/-/rabbot-1.1.0.tgz#42b5e58d5c120abea4fac70b66aae36f84e12342"
  dependencies:
    amqplib "~0.5.1"
    debug "^2.2.0"
    lodash "^4.15.0"
    machina "^2.0.0"
    monologue.js "^0.3.5"
    postal "^2.0.5"
    uuid "^3.0.0"
    when "^3.7.7"
    whistlepunk "^0.3.2"

"readable-stream@1.x >=1.1.9":
  version "1.1.14"
  resolved "https://registry.yarnpkg.com/readable-stream/-/readable-stream-1.1.14.tgz#7cf4c54ef648e3813084c636dd2079e166c081d9"
  dependencies:
    core-util-is "~1.0.0"
    inherits "~2.0.1"
    isarray "0.0.1"
    string_decoder "~0.10.x"

riveter@0.2.0:
  version "0.2.0"
  resolved "https://registry.yarnpkg.com/riveter/-/riveter-0.2.0.tgz#1f7c8e865c455115fde594be24b0072ebdc8bee4"
  dependencies:
    lodash "^2.4.1"

string_decoder@~0.10.x:
  version "0.10.31"
  resolved "https://registry.yarnpkg.com/string_decoder/-/string_decoder-0.10.31.tgz#62e203bc41766c6c28c9fc84301dab1c5310fa94"

uuid@^3.0.0:
  version "3.0.1"
  resolved "https://registry.yarnpkg.com/uuid/-/uuid-3.0.1.tgz#6544bba2dfda8c1cf17e629a3a305e2bb1fee6c1"

when@3.x, when@^3.7.7:
  version "3.7.8"
  resolved "https://registry.yarnpkg.com/when/-/when-3.7.8.tgz#c7130b6a7ea04693e842cdc9e7a1f2aa39a39f82"

whistlepunk@^0.3.2:
  version "0.3.3"
  resolved "https://registry.yarnpkg.com/whistlepunk/-/whistlepunk-0.3.3.tgz#81333f869f9b77429b2915a3500124c84c13b560"
  dependencies:
    colors "1.0.3"
    debug "2.2.0"
    lodash "3.x"
    machina "1.x"
    moment "2.10.2"
    postal "1.x"
    when "3.x"
